
Microsoft Visual Studio Solution File, Format Version 12.00
# Visual Studio 15
VisualStudioVersion = 15.0.27703.2026
MinimumVisualStudioVersion = 10.0.40219.1
Project("{FAE04EC0-301F-11D3-BF4B-00C04F79EFBC}") = "Crafty", "Crafty\Crafty.csproj", "{1153B06C-4953-4BEA-90E1-970AF98551EF}"
EndProject
Global
	GlobalSection(SolutionConfigurationPlatforms) = preSolution
		Debug|Any CPU = Debug|Any CPU
		Release|Any CPU = Release|Any CPU
	EndGlobalSection
	GlobalSection(ProjectConfigurationPlatforms) = postSolution
		{1153B06C-4953-4BEA-90E1-970AF98551EF}.Debug|Any CPU.ActiveCfg = Debug|Any CPU
		{1153B06C-4953-4BEA-90E1-970AF98551EF}.Debug|Any CPU.Build.0 = Debug|Any CPU
		{1153B06C-4953-4BEA-90E1-970AF98551EF}.Release|Any CPU.ActiveCfg = Release|Any CPU
		{1153B06C-4953-4BEA-90E1-970AF98551EF}.Release|Any CPU.Build.0 = Release|Any CPU
	EndGlobalSection
	GlobalSection(SolutionProperties) = preSolution
		HideSolutionNode = FALSE
	EndGlobalSection
	GlobalSection(ExtensibilityGlobals) = postSolution
		SolutionGuid = {363CB441-5191-4430-A9D5-1AA23978219B}
	EndGlobalSection
EndGlobal
